<?xml version="1.0" encoding="utf-8"?>
<Project ToolsVersion="4.0" xmlns="http://schemas.microsoft.com/developer/msbuild/2003">
  <ItemGroup>
    <Filter Include="Source Files">
      <UniqueIdentifier>{c70c524f-52dc-4536-a396-f3af28cd338e}</UniqueIdentifier>
      <Extensions>cpp;cxx;c</Extensions>
    </Filter>
    <Filter Include="Header Files">
      <UniqueIdentifier>{6d5373b2-a060-49a9-abd7-46b86d9eb703}</UniqueIdentifier>
      <Extensions>hpp;h</Extensions>
    </Filter>
  </ItemGroup>
  <ItemGroup>
    <None Include="ReadMe.txt" />
    <None Include="resources\fonts\arial.fnt" />
    <None Include="resources\shaders\StaticFW_Pixel.glsl" />
    <None Include="resources\shaders\StaticFW_Vertex.glsl" />
  </ItemGroup>
  <ItemGroup>
    <ClCompile Include="source\main.cpp">
      <Filter>Source Files</Filter>
    </ClCompile>
  </ItemGroup>
  <ItemGroup>
    <ClInclude Include="include\AIE.h">
      <Filter>Header Files</Filter>
    </ClInclude>
  </ItemGroup>
</Project>