<?xml version="1.0" encoding="utf-8"?>
<Project ToolsVersion="4.0" xmlns="http://schemas.microsoft.com/developer/msbuild/2003">
  <ItemGroup>
    <Filter Include="Source Files">
      <UniqueIdentifier>{7720ad50-0c7d-4a67-bc5d-5241502e968c}</UniqueIdentifier>
      <Extensions>cpp;cxx;c</Extensions>
    </Filter>
    <Filter Include="Header Files">
      <UniqueIdentifier>{7379c6e4-900c-4e20-8eea-0094c518bf38}</UniqueIdentifier>
      <Extensions>hpp;h</Extensions>
    </Filter>
  </ItemGroup>
  <ItemGroup>
    <None Include="ReadMe.txt" />
    <None Include="resources\fonts\arial.fnt" />
    <None Include="resources\shaders\StaticFW_Pixel.glsl" />
    <None Include="resources\shaders\StaticFW_Vertex.glsl" />
  </ItemGroup>
  <ItemGroup>
    <ClCompile Include="source\main.cpp">
      <Filter>Source Files</Filter>
    </ClCompile>
  </ItemGroup>
  <ItemGroup>
    <ClInclude Include="include\AIE.h">
      <Filter>Header Files</Filter>
    </ClInclude>
  </ItemGroup>
</Project>