<?xml version="1.0" encoding="utf-8"?>
<Project ToolsVersion="4.0" xmlns="http://schemas.microsoft.com/developer/msbuild/2003">
  <ItemGroup>
    <Filter Include="Source Files">
      <UniqueIdentifier>{1d229164-b5e6-414e-80cb-efaef8531d16}</UniqueIdentifier>
      <Extensions>cpp;cxx;c</Extensions>
    </Filter>
    <Filter Include="Header Files">
      <UniqueIdentifier>{cb2c798c-4190-451c-9a27-f58d5a970a74}</UniqueIdentifier>
      <Extensions>hpp;h</Extensions>
    </Filter>
  </ItemGroup>
  <ItemGroup>
    <None Include="ReadMe.txt" />
    <None Include="resources\fonts\arial.fnt" />
    <None Include="resources\shaders\StaticFW_Pixel.glsl" />
    <None Include="resources\shaders\StaticFW_Vertex.glsl" />
  </ItemGroup>
  <ItemGroup>
    <ClCompile Include="source\main.cpp">
      <Filter>Source Files</Filter>
    </ClCompile>
    <ClCompile Include="main.cpp">
      <Filter>Source Files</Filter>
    </ClCompile>
  </ItemGroup>
  <ItemGroup>
    <ClInclude Include="include\AIE.h">
      <Filter>Header Files</Filter>
    </ClInclude>
    <ClInclude Include="include\include\Python.h">
      <Filter>Header Files</Filter>
    </ClInclude>
    <ClInclude Include="include\include\abstract.h">
      <Filter>Header Files</Filter>
    </ClInclude>
    <ClInclude Include="include\include\accu.h">
      <Filter>Header Files</Filter>
    </ClInclude>
    <ClInclude Include="include\include\asdl.h">
      <Filter>Header Files</Filter>
    </ClInclude>
    <ClInclude Include="include\include\ast.h">
      <Filter>Header Files</Filter>
    </ClInclude>
    <ClInclude Include="include\include\bitset.h">
      <Filter>Header Files</Filter>
    </ClInclude>
    <ClInclude Include="include\include\bltinmodule.h">
      <Filter>Header Files</Filter>
    </ClInclude>
    <ClInclude Include="include\include\boolobject.h">
      <Filter>Header Files</Filter>
    </ClInclude>
    <ClInclude Include="include\include\bytearrayobject.h">
      <Filter>Header Files</Filter>
    </ClInclude>
    <ClInclude Include="include\include\bytes_methods.h">
      <Filter>Header Files</Filter>
    </ClInclude>
    <ClInclude Include="include\include\bytesobject.h">
      <Filter>Header Files</Filter>
    </ClInclude>
    <ClInclude Include="include\include\cellobject.h">
      <Filter>Header Files</Filter>
    </ClInclude>
    <ClInclude Include="include\include\ceval.h">
      <Filter>Header Files</Filter>
    </ClInclude>
    <ClInclude Include="include\include\classobject.h">
      <Filter>Header Files</Filter>
    </ClInclude>
    <ClInclude Include="include\include\code.h">
      <Filter>Header Files</Filter>
    </ClInclude>
    <ClInclude Include="include\include\codecs.h">
      <Filter>Header Files</Filter>
    </ClInclude>
    <ClInclude Include="include\include\compile.h">
      <Filter>Header Files</Filter>
    </ClInclude>
    <ClInclude Include="include\include\complexobject.h">
      <Filter>Header Files</Filter>
    </ClInclude>
    <ClInclude Include="include\include\datetime.h">
      <Filter>Header Files</Filter>
    </ClInclude>
    <ClInclude Include="include\include\descrobject.h">
      <Filter>Header Files</Filter>
    </ClInclude>
    <ClInclude Include="include\include\dictobject.h">
      <Filter>Header Files</Filter>
    </ClInclude>
    <ClInclude Include="include\include\dtoa.h">
      <Filter>Header Files</Filter>
    </ClInclude>
    <ClInclude Include="include\include\dynamic_annotations.h">
      <Filter>Header Files</Filter>
    </ClInclude>
    <ClInclude Include="include\include\enumobject.h">
      <Filter>Header Files</Filter>
    </ClInclude>
    <ClInclude Include="include\include\errcode.h">
      <Filter>Header Files</Filter>
    </ClInclude>
    <ClInclude Include="include\include\eval.h">
      <Filter>Header Files</Filter>
    </ClInclude>
    <ClInclude Include="include\include\fileobject.h">
      <Filter>Header Files</Filter>
    </ClInclude>
    <ClInclude Include="include\include\fileutils.h">
      <Filter>Header Files</Filter>
    </ClInclude>
    <ClInclude Include="include\include\floatobject.h">
      <Filter>Header Files</Filter>
    </ClInclude>
    <ClInclude Include="include\include\frameobject.h">
      <Filter>Header Files</Filter>
    </ClInclude>
    <ClInclude Include="include\include\funcobject.h">
      <Filter>Header Files</Filter>
    </ClInclude>
    <ClInclude Include="include\include\genobject.h">
      <Filter>Header Files</Filter>
    </ClInclude>
    <ClInclude Include="include\include\graminit.h">
      <Filter>Header Files</Filter>
    </ClInclude>
    <ClInclude Include="include\include\grammar.h">
      <Filter>Header Files</Filter>
    </ClInclude>
    <ClInclude Include="include\include\import.h">
      <Filter>Header Files</Filter>
    </ClInclude>
    <ClInclude Include="include\include\intrcheck.h">
      <Filter>Header Files</Filter>
    </ClInclude>
    <ClInclude Include="include\include\iterobject.h">
      <Filter>Header Files</Filter>
    </ClInclude>
    <ClInclude Include="include\include\listobject.h">
      <Filter>Header Files</Filter>
    </ClInclude>
    <ClInclude Include="include\include\longintrepr.h">
      <Filter>Header Files</Filter>
    </ClInclude>
    <ClInclude Include="include\include\longobject.h">
      <Filter>Header Files</Filter>
    </ClInclude>
    <ClInclude Include="include\include\marshal.h">
      <Filter>Header Files</Filter>
    </ClInclude>
    <ClInclude Include="include\include\memoryobject.h">
      <Filter>Header Files</Filter>
    </ClInclude>
    <ClInclude Include="include\include\metagrammar.h">
      <Filter>Header Files</Filter>
    </ClInclude>
    <ClInclude Include="include\include\methodobject.h">
      <Filter>Header Files</Filter>
    </ClInclude>
    <ClInclude Include="include\include\modsupport.h">
      <Filter>Header Files</Filter>
    </ClInclude>
    <ClInclude Include="include\include\moduleobject.h">
      <Filter>Header Files</Filter>
    </ClInclude>
    <ClInclude Include="include\include\namespaceobject.h">
      <Filter>Header Files</Filter>
    </ClInclude>
    <ClInclude Include="include\include\node.h">
      <Filter>Header Files</Filter>
    </ClInclude>
    <ClInclude Include="include\include\object.h">
      <Filter>Header Files</Filter>
    </ClInclude>
    <ClInclude Include="include\include\objimpl.h">
      <Filter>Header Files</Filter>
    </ClInclude>
    <ClInclude Include="include\include\opcode.h">
      <Filter>Header Files</Filter>
    </ClInclude>
    <ClInclude Include="include\include\osdefs.h">
      <Filter>Header Files</Filter>
    </ClInclude>
    <ClInclude Include="include\include\parsetok.h">
      <Filter>Header Files</Filter>
    </ClInclude>
    <ClInclude Include="include\include\patchlevel.h">
      <Filter>Header Files</Filter>
    </ClInclude>
    <ClInclude Include="include\include\pgen.h">
      <Filter>Header Files</Filter>
    </ClInclude>
    <ClInclude Include="include\include\pgenheaders.h">
      <Filter>Header Files</Filter>
    </ClInclude>
    <ClInclude Include="include\include\py_curses.h">
      <Filter>Header Files</Filter>
    </ClInclude>
    <ClInclude Include="include\include\pyarena.h">
      <Filter>Header Files</Filter>
    </ClInclude>
    <ClInclude Include="include\include\pyatomic.h">
      <Filter>Header Files</Filter>
    </ClInclude>
    <ClInclude Include="include\include\pycapsule.h">
      <Filter>Header Files</Filter>
    </ClInclude>
    <ClInclude Include="include\include\pyconfig.h">
      <Filter>Header Files</Filter>
    </ClInclude>
    <ClInclude Include="include\include\pyctype.h">
      <Filter>Header Files</Filter>
    </ClInclude>
    <ClInclude Include="include\include\pydebug.h">
      <Filter>Header Files</Filter>
    </ClInclude>
    <ClInclude Include="include\include\pyerrors.h">
      <Filter>Header Files</Filter>
    </ClInclude>
    <ClInclude Include="include\include\pyexpat.h">
      <Filter>Header Files</Filter>
    </ClInclude>
    <ClInclude Include="include\include\pyfpe.h">
      <Filter>Header Files</Filter>
    </ClInclude>
    <ClInclude Include="include\include\pygetopt.h">
      <Filter>Header Files</Filter>
    </ClInclude>
    <ClInclude Include="include\include\pyhash.h">
      <Filter>Header Files</Filter>
    </ClInclude>
    <ClInclude Include="include\include\pymacconfig.h">
      <Filter>Header Files</Filter>
    </ClInclude>
    <ClInclude Include="include\include\pymacro.h">
      <Filter>Header Files</Filter>
    </ClInclude>
    <ClInclude Include="include\include\pymath.h">
      <Filter>Header Files</Filter>
    </ClInclude>
    <ClInclude Include="include\include\pymem.h">
      <Filter>Header Files</Filter>
    </ClInclude>
    <ClInclude Include="include\include\pyport.h">
      <Filter>Header Files</Filter>
    </ClInclude>
    <ClInclude Include="include\include\pystate.h">
      <Filter>Header Files</Filter>
    </ClInclude>
    <ClInclude Include="include\include\pystrcmp.h">
      <Filter>Header Files</Filter>
    </ClInclude>
    <ClInclude Include="include\include\pystrtod.h">
      <Filter>Header Files</Filter>
    </ClInclude>
    <ClInclude Include="include\include\Python-ast.h">
      <Filter>Header Files</Filter>
    </ClInclude>
    <ClInclude Include="include\include\pythonrun.h">
      <Filter>Header Files</Filter>
    </ClInclude>
    <ClInclude Include="include\include\pythread.h">
      <Filter>Header Files</Filter>
    </ClInclude>
    <ClInclude Include="include\include\pytime.h">
      <Filter>Header Files</Filter>
    </ClInclude>
    <ClInclude Include="include\include\rangeobject.h">
      <Filter>Header Files</Filter>
    </ClInclude>
    <ClInclude Include="include\include\setobject.h">
      <Filter>Header Files</Filter>
    </ClInclude>
    <ClInclude Include="include\include\sliceobject.h">
      <Filter>Header Files</Filter>
    </ClInclude>
    <ClInclude Include="include\include\structmember.h">
      <Filter>Header Files</Filter>
    </ClInclude>
    <ClInclude Include="include\include\structseq.h">
      <Filter>Header Files</Filter>
    </ClInclude>
    <ClInclude Include="include\include\symtable.h">
      <Filter>Header Files</Filter>
    </ClInclude>
    <ClInclude Include="include\include\sysmodule.h">
      <Filter>Header Files</Filter>
    </ClInclude>
    <ClInclude Include="include\include\token.h">
      <Filter>Header Files</Filter>
    </ClInclude>
    <ClInclude Include="include\include\traceback.h">
      <Filter>Header Files</Filter>
    </ClInclude>
    <ClInclude Include="include\include\tupleobject.h">
      <Filter>Header Files</Filter>
    </ClInclude>
    <ClInclude Include="include\include\typeslots.h">
      <Filter>Header Files</Filter>
    </ClInclude>
    <ClInclude Include="include\include\ucnhash.h">
      <Filter>Header Files</Filter>
    </ClInclude>
    <ClInclude Include="include\include\unicodeobject.h">
      <Filter>Header Files</Filter>
    </ClInclude>
    <ClInclude Include="include\include\warnings.h">
      <Filter>Header Files</Filter>
    </ClInclude>
    <ClInclude Include="include\include\weakrefobject.h">
      <Filter>Header Files</Filter>
    </ClInclude>
  </ItemGroup>
</Project>