
Microsoft Visual Studio Solution File, Format Version 11.00
# Visual Studio 2010
Project("{8BC9CEB8-8B4A-11D0-8D11-00A0C91BC942}") = "PrototypeTests", "PrototypeTests\PrototypeTests.vcxproj", "{5D17C46A-68B4-47B4-A55E-B640986E4D5C}"
EndProject
Global
	GlobalSection(SolutionConfigurationPlatforms) = preSolution
		Debug|Win32 = Debug|Win32
		Release|Win32 = Release|Win32
	EndGlobalSection
	GlobalSection(ProjectConfigurationPlatforms) = postSolution
		{5D17C46A-68B4-47B4-A55E-B640986E4D5C}.Debug|Win32.ActiveCfg = Debug|Win32
		{5D17C46A-68B4-47B4-A55E-B640986E4D5C}.Debug|Win32.Build.0 = Debug|Win32
		{5D17C46A-68B4-47B4-A55E-B640986E4D5C}.Release|Win32.ActiveCfg = Release|Win32
		{5D17C46A-68B4-47B4-A55E-B640986E4D5C}.Release|Win32.Build.0 = Release|Win32
	EndGlobalSection
	GlobalSection(SolutionProperties) = preSolution
		HideSolutionNode = FALSE
	EndGlobalSection
EndGlobal
